
Microsoft Visual Studio Solution File, Format Version 12.00
# Visual Studio 15
VisualStudioVersion = 15.0.28307.329
MinimumVisualStudioVersion = 10.0.40219.1
Project("{FAE04EC0-301F-11D3-BF4B-00C04F79EFBC}") = "Opgave 1 Per fag", "Opgave 1 Per fag\Opgave 1 Per fag.csproj", "{F42290AB-9AD0-4403-AC1F-F3EA53672B18}"
EndProject
Global
	GlobalSection(SolutionConfigurationPlatforms) = preSolution
		Debug|Any CPU = Debug|Any CPU
		Release|Any CPU = Release|Any CPU
	EndGlobalSection
	GlobalSection(ProjectConfigurationPlatforms) = postSolution
		{F42290AB-9AD0-4403-AC1F-F3EA53672B18}.Debug|Any CPU.ActiveCfg = Debug|Any CPU
		{F42290AB-9AD0-4403-AC1F-F3EA53672B18}.Debug|Any CPU.Build.0 = Debug|Any CPU
		{F42290AB-9AD0-4403-AC1F-F3EA53672B18}.Release|Any CPU.ActiveCfg = Release|Any CPU
		{F42290AB-9AD0-4403-AC1F-F3EA53672B18}.Release|Any CPU.Build.0 = Release|Any CPU
	EndGlobalSection
	GlobalSection(SolutionProperties) = preSolution
		HideSolutionNode = FALSE
	EndGlobalSection
	GlobalSection(ExtensibilityGlobals) = postSolution
		SolutionGuid = {46A609E8-D6DD-4B5E-A8DB-4ADDEF89D0C2}
	EndGlobalSection
EndGlobal
